{
  "name": "@ironbay/kora-router",
  "version": "0.0.1",
  "lockfileVersion": 1,
  "requires": true,
  "dependencies": {
    "@ironbay/dynamic": {
      "version": "1.0.8",
      "resolved": "https://registry.npmjs.org/@ironbay/dynamic/-/dynamic-1.0.8.tgz",
      "integrity": "sha512-jgtPaAJ0JAZY37pj7RetaBj9l9v9x/uZl0hOxZZwTO5QVIE+w2tcGFnkfu4T+Tgin7sNYWTnnPlkj7Qkk2zTFg=="
    },
    "@ironbay/kora": {
      "version": "2.4.23",
      "resolved": "https://registry.npmjs.org/@ironbay/kora/-/kora-2.4.23.tgz",
      "integrity": "sha512-vZraEBKCIzGpaviq2E4EK/87JnrPYJ4CEZRUEMLFhNNKC8Wen5JXYu0AmbiaCXIFNCWRtu4aK5Cg5uYPE3ofpg==",
      "requires": {
        "@ironbay/dynamic": "^1.0.10",
        "es6-promise-promise": "^1.0.0",
        "universal-websocket-client": "^1.0.1"
      },
      "dependencies": {
        "@ironbay/dynamic": {
          "version": "1.0.10",
          "resolved": "https://registry.npmjs.org/@ironbay/dynamic/-/dynamic-1.0.10.tgz",
          "integrity": "sha512-XkLmDFXEmqkynFytl3SvvQlW1FJGNU0EPdg6N8UF2uJmOnJSnjaEaFht7dS6qb8gpssyVMa8FlzUEBonN1A30A=="
        }
      }
    },
    "async-limiter": {
      "version": "1.0.0",
      "resolved": "https://registry.npmjs.org/async-limiter/-/async-limiter-1.0.0.tgz",
      "integrity": "sha512-jp/uFnooOiO+L211eZOoSyzpOITMXx1rBITauYykG3BRYPu8h0UcxsPNB04RR5vo4Tyz3+ay17tR6JVf9qzYWg=="
    },
    "decode-uri-component": {
      "version": "0.2.2",
      "resolved": "https://registry.npmjs.org/decode-uri-component/-/decode-uri-component-0.2.2.tgz",
      "integrity": "sha512-FqUYQ+8o158GyGTrMFJms9qh3CqTKvAqgqsTnkLI8sKu0028orqBhxNMFkFen0zGyg6epACD32pjVk58ngIErQ=="
    },
    "es6-promise": {
      "version": "3.3.1",
      "resolved": "https://registry.npmjs.org/es6-promise/-/es6-promise-3.3.1.tgz",
      "integrity": "sha1-oIzd6EzNvzTQJ6FFG8kdS80ophM="
    },
    "es6-promise-promise": {
      "version": "1.0.0",
      "resolved": "https://registry.npmjs.org/es6-promise-promise/-/es6-promise-promise-1.0.0.tgz",
      "integrity": "sha1-OpHyNf3SsIxEkrVzTf0fQXKJuZQ=",
      "requires": {
        "es6-promise": "^3.2.1"
      }
    },
    "query-string": {
      "version": "6.0.0",
      "resolved": "https://registry.npmjs.org/query-string/-/query-string-6.0.0.tgz",
      "integrity": "sha1-i485RHtz6CkNb141gXeSGOkXEUI=",
      "requires": {
        "decode-uri-component": "^0.2.0",
        "strict-uri-encode": "^2.0.0"
      }
    },
    "safe-buffer": {
      "version": "5.1.2",
      "resolved": "https://registry.npmjs.org/safe-buffer/-/safe-buffer-5.1.2.tgz",
      "integrity": "sha512-Gd2UZBJDkXlY7GbJxfsE8/nvKkUEU1G38c1siN6QP6a9PT9MmHB8GnpscSmMJSoF8LOIrt8ud/wPtojys4G6+g=="
    },
    "strict-uri-encode": {
      "version": "2.0.0",
      "resolved": "https://registry.npmjs.org/strict-uri-encode/-/strict-uri-encode-2.0.0.tgz",
      "integrity": "sha1-ucczDHBChi9rFC3CdLvMWGbONUY="
    },
    "typescript": {
      "version": "2.8.1",
      "resolved": "https://registry.npmjs.org/typescript/-/typescript-2.8.1.tgz",
      "integrity": "sha512-Ao/f6d/4EPLq0YwzsQz8iXflezpTkQzqAyenTiw4kCUGr1uPiFLC3+fZ+gMZz6eeI/qdRUqvC+HxIJzUAzEFdg==",
      "dev": true
    },
    "ultron": {
      "version": "1.1.1",
      "resolved": "https://registry.npmjs.org/ultron/-/ultron-1.1.1.tgz",
      "integrity": "sha512-UIEXBNeYmKptWH6z8ZnqTeS8fV74zG0/eRU9VGkpzz+LIJNs8W/zM/L+7ctCkRrgbNnnR0xxw4bKOr0cW0N0Og=="
    },
    "universal-websocket-client": {
      "version": "1.0.2",
      "resolved": "https://registry.npmjs.org/universal-websocket-client/-/universal-websocket-client-1.0.2.tgz",
      "integrity": "sha512-Pi6BdJtEAISb77GTbOLBLIWdYGezXgnJejrVBYKXxzNTsLcjJS+mWIJ2BRZElSlOG/wc7+yfOe5y30bzTu3Qqg==",
      "requires": {
        "ws": "^3.3.3"
      }
    },
    "ws": {
      "version": "3.3.3",
      "resolved": "https://registry.npmjs.org/ws/-/ws-3.3.3.tgz",
      "integrity": "sha512-nnWLa/NwZSt4KQJu51MYlCcSQ5g7INpOrOMt4XV8j4dqTXdmlUmSHQ8/oLC069ckre0fRsgfvsKwbTdtKLCDkA==",
      "requires": {
        "async-limiter": "~1.0.0",
        "safe-buffer": "~5.1.0",
        "ultron": "~1.1.0"
      }
    }
  }
}
